
Microsoft Visual Studio Solution File, Format Version 12.00
# Visual Studio 2012
# Ranorex Studio 9.3.0
VisualStudioVersion = 12.0.20827.3
MinimumVisualStudioVersion = 10.0.40219.1
Project("{2150E333-8FDC-42A3-9474-1A3956D46DE8}") = "Solution Items", "Solution Items", "{A67CF8F3-1092-4174-A25E-112E7CF83AD5}"
	ProjectSection(SolutionItems) = postProject
		Ranorex = .\Ranorex.rxsettings
		TestRail = .\TestRail.trsd
	EndProjectSection
EndProject
Project("{FAE04EC0-301F-11D3-BF4B-00C04F79EFBC}") = "POC TEST", "POC TEST\POC TEST.csproj", "{56A56970-F4F2-4B98-92A5-2502B7D96E92}"
EndProject
Project("{FAE04EC0-301F-11D3-BF4B-00C04F79EFBC}") = "ProjectOwnership", "ProjectOwnership\ProjectOwnership.csproj", "{A9EAD288-0709-4C1E-91B6-48E6720AD570}"
EndProject
Global
	GlobalSection(SolutionConfigurationPlatforms) = preSolution
		Debug|x86 = Debug|x86
		Release|x86 = Release|x86
	EndGlobalSection
	GlobalSection(ProjectConfigurationPlatforms) = postSolution
		{56A56970-F4F2-4B98-92A5-2502B7D96E92}.Debug|x86.Build.0 = Debug|x86
		{56A56970-F4F2-4B98-92A5-2502B7D96E92}.Debug|x86.ActiveCfg = Debug|x86
		{56A56970-F4F2-4B98-92A5-2502B7D96E92}.Release|x86.Build.0 = Release|x86
		{56A56970-F4F2-4B98-92A5-2502B7D96E92}.Release|x86.ActiveCfg = Release|x86
		{A9EAD288-0709-4C1E-91B6-48E6720AD570}.Debug|x86.Build.0 = Debug|x86
		{A9EAD288-0709-4C1E-91B6-48E6720AD570}.Debug|x86.ActiveCfg = Debug|x86
		{A9EAD288-0709-4C1E-91B6-48E6720AD570}.Release|x86.Build.0 = Release|x86
		{A9EAD288-0709-4C1E-91B6-48E6720AD570}.Release|x86.ActiveCfg = Release|x86
	EndGlobalSection
EndGlobal
